{
  "object": {
    "pins": [
      {
        "package": "GRDB",
        "repositoryURL": "https://github.com/groue/GRDB.swift.git",
        "state": {
          "branch": null,
          "revision": "924a596873a2bebf7986bda9feee5b473d8625c7",
          "version": "5.0.0-beta.6"
        }
      }
    ]
  },
  "version": 1
}
