// !$*UTF8*$!
{
	archiveVersion = 1;
	classes = {
	};
	objectVersion = 52;
	objects = {

/* Begin PBXBuildFile section */
		D58D274424B0692300F83072 /* GRDB in Frameworks */ = {isa = PBXBuildFile; productRef = D58D274324B0692300F83072 /* GRDB */; };
		D58D274624B06A8F00F83072 /* World.swift in Sources */ = {isa = PBXBuildFile; fileRef = D58D274524B06A8F00F83072 /* World.swift */; };
		D58D274824B06AE800F83072 /* AppDatabase.swift in Sources */ = {isa = PBXBuildFile; fileRef = D58D274724B06AE800F83072 /* AppDatabase.swift */; };
		D58D274A24B079DB00F83072 /* HistoryEntry.swift in Sources */ = {isa = PBXBuildFile; fileRef = D58D274924B079DA00F83072 /* HistoryEntry.swift */; };
		D59B1B0424AB24F6002BF927 /* AppDelegate.swift in Sources */ = {isa = PBXBuildFile; fileRef = D59B1B0324AB24F6002BF927 /* AppDelegate.swift */; };
		D59B1B0624AB24F6002BF927 /* SceneDelegate.swift in Sources */ = {isa = PBXBuildFile; fileRef = D59B1B0524AB24F6002BF927 /* SceneDelegate.swift */; };
		D59B1B0824AB24F6002BF927 /* ContentView.swift in Sources */ = {isa = PBXBuildFile; fileRef = D59B1B0724AB24F6002BF927 /* ContentView.swift */; };
		D59B1B0A24AB2500002BF927 /* Assets.xcassets in Resources */ = {isa = PBXBuildFile; fileRef = D59B1B0924AB2500002BF927 /* Assets.xcassets */; };
		D59B1B0D24AB2500002BF927 /* Preview Assets.xcassets in Resources */ = {isa = PBXBuildFile; fileRef = D59B1B0C24AB2500002BF927 /* Preview Assets.xcassets */; };
		D59B1B1024AB2500002BF927 /* LaunchScreen.storyboard in Resources */ = {isa = PBXBuildFile; fileRef = D59B1B0E24AB2500002BF927 /* LaunchScreen.storyboard */; };
		D59B1B1824AB2E15002BF927 /* SearchBar.swift in Sources */ = {isa = PBXBuildFile; fileRef = D59B1B1724AB2E14002BF927 /* SearchBar.swift */; };
		D59B1B1A24AB40E4002BF927 /* WebView.swift in Sources */ = {isa = PBXBuildFile; fileRef = D59B1B1924AB40E3002BF927 /* WebView.swift */; };
		D59B1B1D24AB43C7002BF927 /* WebKit.framework in Frameworks */ = {isa = PBXBuildFile; fileRef = D59B1B1C24AB43C7002BF927 /* WebKit.framework */; };
/* End PBXBuildFile section */

/* Begin PBXFileReference section */
		D58D274524B06A8F00F83072 /* World.swift */ = {isa = PBXFileReference; lastKnownFileType = sourcecode.swift; path = World.swift; sourceTree = "<group>"; };
		D58D274724B06AE800F83072 /* AppDatabase.swift */ = {isa = PBXFileReference; lastKnownFileType = sourcecode.swift; path = AppDatabase.swift; sourceTree = "<group>"; };
		D58D274924B079DA00F83072 /* HistoryEntry.swift */ = {isa = PBXFileReference; lastKnownFileType = sourcecode.swift; path = HistoryEntry.swift; sourceTree = "<group>"; };
		D59B1B0024AB24F6002BF927 /* Tabless.app */ = {isa = PBXFileReference; explicitFileType = wrapper.application; includeInIndex = 0; path = Tabless.app; sourceTree = BUILT_PRODUCTS_DIR; };
		D59B1B0324AB24F6002BF927 /* AppDelegate.swift */ = {isa = PBXFileReference; lastKnownFileType = sourcecode.swift; path = AppDelegate.swift; sourceTree = "<group>"; };
		D59B1B0524AB24F6002BF927 /* SceneDelegate.swift */ = {isa = PBXFileReference; lastKnownFileType = sourcecode.swift; path = SceneDelegate.swift; sourceTree = "<group>"; };
		D59B1B0724AB24F6002BF927 /* ContentView.swift */ = {isa = PBXFileReference; lastKnownFileType = sourcecode.swift; path = ContentView.swift; sourceTree = "<group>"; };
		D59B1B0924AB2500002BF927 /* Assets.xcassets */ = {isa = PBXFileReference; lastKnownFileType = folder.assetcatalog; path = Assets.xcassets; sourceTree = "<group>"; };
		D59B1B0C24AB2500002BF927 /* Preview Assets.xcassets */ = {isa = PBXFileReference; lastKnownFileType = folder.assetcatalog; path = "Preview Assets.xcassets"; sourceTree = "<group>"; };
		D59B1B0F24AB2500002BF927 /* Base */ = {isa = PBXFileReference; lastKnownFileType = file.storyboard; name = Base; path = Base.lproj/LaunchScreen.storyboard; sourceTree = "<group>"; };
		D59B1B1124AB2500002BF927 /* Info.plist */ = {isa = PBXFileReference; lastKnownFileType = text.plist.xml; path = Info.plist; sourceTree = "<group>"; };
		D59B1B1724AB2E14002BF927 /* SearchBar.swift */ = {isa = PBXFileReference; lastKnownFileType = sourcecode.swift; path = SearchBar.swift; sourceTree = "<group>"; };
		D59B1B1924AB40E3002BF927 /* WebView.swift */ = {isa = PBXFileReference; lastKnownFileType = sourcecode.swift; path = WebView.swift; sourceTree = "<group>"; };
		D59B1B1C24AB43C7002BF927 /* WebKit.framework */ = {isa = PBXFileReference; lastKnownFileType = wrapper.framework; name = WebKit.framework; path = System/Library/Frameworks/WebKit.framework; sourceTree = SDKROOT; };
/* End PBXFileReference section */

/* Begin PBXFrameworksBuildPhase section */
		D59B1AFD24AB24F6002BF927 /* Frameworks */ = {
			isa = PBXFrameworksBuildPhase;
			buildActionMask = 2147483647;
			files = (
				D59B1B1D24AB43C7002BF927 /* WebKit.framework in Frameworks */,
				D58D274424B0692300F83072 /* GRDB in Frameworks */,
			);
			runOnlyForDeploymentPostprocessing = 0;
		};
/* End PBXFrameworksBuildPhase section */

/* Begin PBXGroup section */
		D59B1AF724AB24F6002BF927 = {
			isa = PBXGroup;
			children = (
				D59B1B0224AB24F6002BF927 /* Tabless */,
				D59B1B0124AB24F6002BF927 /* Products */,
				D59B1B1B24AB43C6002BF927 /* Frameworks */,
			);
			sourceTree = "<group>";
		};
		D59B1B0124AB24F6002BF927 /* Products */ = {
			isa = PBXGroup;
			children = (
				D59B1B0024AB24F6002BF927 /* Tabless.app */,
			);
			name = Products;
			sourceTree = "<group>";
		};
		D59B1B0224AB24F6002BF927 /* Tabless */ = {
			isa = PBXGroup;
			children = (
				D59B1B0324AB24F6002BF927 /* AppDelegate.swift */,
				D59B1B0524AB24F6002BF927 /* SceneDelegate.swift */,
				D59B1B0724AB24F6002BF927 /* ContentView.swift */,
				D59B1B0924AB2500002BF927 /* Assets.xcassets */,
				D59B1B0E24AB2500002BF927 /* LaunchScreen.storyboard */,
				D59B1B1124AB2500002BF927 /* Info.plist */,
				D59B1B0B24AB2500002BF927 /* Preview Content */,
				D59B1B1724AB2E14002BF927 /* SearchBar.swift */,
				D59B1B1924AB40E3002BF927 /* WebView.swift */,
				D58D274524B06A8F00F83072 /* World.swift */,
				D58D274724B06AE800F83072 /* AppDatabase.swift */,
				D58D274924B079DA00F83072 /* HistoryEntry.swift */,
			);
			path = Tabless;
			sourceTree = "<group>";
		};
		D59B1B0B24AB2500002BF927 /* Preview Content */ = {
			isa = PBXGroup;
			children = (
				D59B1B0C24AB2500002BF927 /* Preview Assets.xcassets */,
			);
			path = "Preview Content";
			sourceTree = "<group>";
		};
		D59B1B1B24AB43C6002BF927 /* Frameworks */ = {
			isa = PBXGroup;
			children = (
				D59B1B1C24AB43C7002BF927 /* WebKit.framework */,
			);
			name = Frameworks;
			sourceTree = "<group>";
		};
/* End PBXGroup section */

/* Begin PBXNativeTarget section */
		D59B1AFF24AB24F6002BF927 /* Tabless */ = {
			isa = PBXNativeTarget;
			buildConfigurationList = D59B1B1424AB2500002BF927 /* Build configuration list for PBXNativeTarget "Tabless" */;
			buildPhases = (
				D59B1AFC24AB24F6002BF927 /* Sources */,
				D59B1AFD24AB24F6002BF927 /* Frameworks */,
				D59B1AFE24AB24F6002BF927 /* Resources */,
			);
			buildRules = (
			);
			dependencies = (
			);
			name = Tabless;
			packageProductDependencies = (
				D58D274324B0692300F83072 /* GRDB */,
			);
			productName = Tabless;
			productReference = D59B1B0024AB24F6002BF927 /* Tabless.app */;
			productType = "com.apple.product-type.application";
		};
/* End PBXNativeTarget section */

/* Begin PBXProject section */
		D59B1AF824AB24F6002BF927 /* Project object */ = {
			isa = PBXProject;
			attributes = {
				LastSwiftUpdateCheck = 1150;
				LastUpgradeCheck = 1150;
				ORGANIZATIONNAME = Organization;
				TargetAttributes = {
					D59B1AFF24AB24F6002BF927 = {
						CreatedOnToolsVersion = 11.5;
					};
				};
			};
			buildConfigurationList = D59B1AFB24AB24F6002BF927 /* Build configuration list for PBXProject "Tabless" */;
			compatibilityVersion = "Xcode 9.3";
			developmentRegion = en;
			hasScannedForEncodings = 0;
			knownRegions = (
				en,
				Base,
			);
			mainGroup = D59B1AF724AB24F6002BF927;
			packageReferences = (
				D58D274224B0692300F83072 /* XCRemoteSwiftPackageReference "GRDB.swift" */,
			);
			productRefGroup = D59B1B0124AB24F6002BF927 /* Products */;
			projectDirPath = "";
			projectRoot = "";
			targets = (
				D59B1AFF24AB24F6002BF927 /* Tabless */,
			);
		};
/* End PBXProject section */

/* Begin PBXResourcesBuildPhase section */
		D59B1AFE24AB24F6002BF927 /* Resources */ = {
			isa = PBXResourcesBuildPhase;
			buildActionMask = 2147483647;
			files = (
				D59B1B1024AB2500002BF927 /* LaunchScreen.storyboard in Resources */,
				D59B1B0D24AB2500002BF927 /* Preview Assets.xcassets in Resources */,
				D59B1B0A24AB2500002BF927 /* Assets.xcassets in Resources */,
			);
			runOnlyForDeploymentPostprocessing = 0;
		};
/* End PBXResourcesBuildPhase section */

/* Begin PBXSourcesBuildPhase section */
		D59B1AFC24AB24F6002BF927 /* Sources */ = {
			isa = PBXSourcesBuildPhase;
			buildActionMask = 2147483647;
			files = (
				D58D274624B06A8F00F83072 /* World.swift in Sources */,
				D58D274A24B079DB00F83072 /* HistoryEntry.swift in Sources */,
				D59B1B0424AB24F6002BF927 /* AppDelegate.swift in Sources */,
				D59B1B1A24AB40E4002BF927 /* WebView.swift in Sources */,
				D58D274824B06AE800F83072 /* AppDatabase.swift in Sources */,
				D59B1B1824AB2E15002BF927 /* SearchBar.swift in Sources */,
				D59B1B0624AB24F6002BF927 /* SceneDelegate.swift in Sources */,
				D59B1B0824AB24F6002BF927 /* ContentView.swift in Sources */,
			);
			runOnlyForDeploymentPostprocessing = 0;
		};
/* End PBXSourcesBuildPhase section */

/* Begin PBXVariantGroup section */
		D59B1B0E24AB2500002BF927 /* LaunchScreen.storyboard */ = {
			isa = PBXVariantGroup;
			children = (
				D59B1B0F24AB2500002BF927 /* Base */,
			);
			name = LaunchScreen.storyboard;
			sourceTree = "<group>";
		};
/* End PBXVariantGroup section */

/* Begin XCBuildConfiguration section */
		D59B1B1224AB2500002BF927 /* Debug */ = {
			isa = XCBuildConfiguration;
			buildSettings = {
				ALWAYS_SEARCH_USER_PATHS = NO;
				CLANG_ANALYZER_NONNULL = YES;
				CLANG_ANALYZER_NUMBER_OBJECT_CONVERSION = YES_AGGRESSIVE;
				CLANG_CXX_LANGUAGE_STANDARD = "gnu++14";
				CLANG_CXX_LIBRARY = "libc++";
				CLANG_ENABLE_MODULES = YES;
				CLANG_ENABLE_OBJC_ARC = YES;
				CLANG_ENABLE_OBJC_WEAK = YES;
				CLANG_WARN_BLOCK_CAPTURE_AUTORELEASING = YES;
				CLANG_WARN_BOOL_CONVERSION = YES;
				CLANG_WARN_COMMA = YES;
				CLANG_WARN_CONSTANT_CONVERSION = YES;
				CLANG_WARN_DEPRECATED_OBJC_IMPLEMENTATIONS = YES;
				CLANG_WARN_DIRECT_OBJC_ISA_USAGE = YES_ERROR;
				CLANG_WARN_DOCUMENTATION_COMMENTS = YES;
				CLANG_WARN_EMPTY_BODY = YES;
				CLANG_WARN_ENUM_CONVERSION = YES;
				CLANG_WARN_INFINITE_RECURSION = YES;
				CLANG_WARN_INT_CONVERSION = YES;
				CLANG_WARN_NON_LITERAL_NULL_CONVERSION = YES;
				CLANG_WARN_OBJC_IMPLICIT_RETAIN_SELF = YES;
				CLANG_WARN_OBJC_LITERAL_CONVERSION = YES;
				CLANG_WARN_OBJC_ROOT_CLASS = YES_ERROR;
				CLANG_WARN_RANGE_LOOP_ANALYSIS = YES;
				CLANG_WARN_STRICT_PROTOTYPES = YES;
				CLANG_WARN_SUSPICIOUS_MOVE = YES;
				CLANG_WARN_UNGUARDED_AVAILABILITY = YES_AGGRESSIVE;
				CLANG_WARN_UNREACHABLE_CODE = YES;
				CLANG_WARN__DUPLICATE_METHOD_MATCH = YES;
				COPY_PHASE_STRIP = NO;
				DEBUG_INFORMATION_FORMAT = dwarf;
				ENABLE_STRICT_OBJC_MSGSEND = YES;
				ENABLE_TESTABILITY = YES;
				GCC_C_LANGUAGE_STANDARD = gnu11;
				GCC_DYNAMIC_NO_PIC = NO;
				GCC_NO_COMMON_BLOCKS = YES;
				GCC_OPTIMIZATION_LEVEL = 0;
				GCC_PREPROCESSOR_DEFINITIONS = (
					"DEBUG=1",
					"$(inherited)",
				);
				GCC_WARN_64_TO_32_BIT_CONVERSION = YES;
				GCC_WARN_ABOUT_RETURN_TYPE = YES_ERROR;
				GCC_WARN_UNDECLARED_SELECTOR = YES;
				GCC_WARN_UNINITIALIZED_AUTOS = YES_AGGRESSIVE;
				GCC_WARN_UNUSED_FUNCTION = YES;
				GCC_WARN_UNUSED_VARIABLE = YES;
				IPHONEOS_DEPLOYMENT_TARGET = 13.5;
				MTL_ENABLE_DEBUG_INFO = INCLUDE_SOURCE;
				MTL_FAST_MATH = YES;
				ONLY_ACTIVE_ARCH = YES;
				SDKROOT = iphoneos;
				SWIFT_ACTIVE_COMPILATION_CONDITIONS = DEBUG;
				SWIFT_OPTIMIZATION_LEVEL = "-Onone";
			};
			name = Debug;
		};
		D59B1B1324AB2500002BF927 /* Release */ = {
			isa = XCBuildConfiguration;
			buildSettings = {
				ALWAYS_SEARCH_USER_PATHS = NO;
				CLANG_ANALYZER_NONNULL = YES;
				CLANG_ANALYZER_NUMBER_OBJECT_CONVERSION = YES_AGGRESSIVE;
				CLANG_CXX_LANGUAGE_STANDARD = "gnu++14";
				CLANG_CXX_LIBRARY = "libc++";
				CLANG_ENABLE_MODULES = YES;
				CLANG_ENABLE_OBJC_ARC = YES;
				CLANG_ENABLE_OBJC_WEAK = YES;
				CLANG_WARN_BLOCK_CAPTURE_AUTORELEASING = YES;
				CLANG_WARN_BOOL_CONVERSION = YES;
				CLANG_WARN_COMMA = YES;
				CLANG_WARN_CONSTANT_CONVERSION = YES;
				CLANG_WARN_DEPRECATED_OBJC_IMPLEMENTATIONS = YES;
				CLANG_WARN_DIRECT_OBJC_ISA_USAGE = YES_ERROR;
				CLANG_WARN_DOCUMENTATION_COMMENTS = YES;
				CLANG_WARN_EMPTY_BODY = YES;
				CLANG_WARN_ENUM_CONVERSION = YES;
				CLANG_WARN_INFINITE_RECURSION = YES;
				CLANG_WARN_INT_CONVERSION = YES;
				CLANG_WARN_NON_LITERAL_NULL_CONVERSION = YES;
				CLANG_WARN_OBJC_IMPLICIT_RETAIN_SELF = YES;
				CLANG_WARN_OBJC_LITERAL_CONVERSION = YES;
				CLANG_WARN_OBJC_ROOT_CLASS = YES_ERROR;
				CLANG_WARN_RANGE_LOOP_ANALYSIS = YES;
				CLANG_WARN_STRICT_PROTOTYPES = YES;
				CLANG_WARN_SUSPICIOUS_MOVE = YES;
				CLANG_WARN_UNGUARDED_AVAILABILITY = YES_AGGRESSIVE;
				CLANG_WARN_UNREACHABLE_CODE = YES;
				CLANG_WARN__DUPLICATE_METHOD_MATCH = YES;
				COPY_PHASE_STRIP = NO;
				DEBUG_INFORMATION_FORMAT = "dwarf-with-dsym";
				ENABLE_NS_ASSERTIONS = NO;
				ENABLE_STRICT_OBJC_MSGSEND = YES;
				GCC_C_LANGUAGE_STANDARD = gnu11;
				GCC_NO_COMMON_BLOCKS = YES;
				GCC_WARN_64_TO_32_BIT_CONVERSION = YES;
				GCC_WARN_ABOUT_RETURN_TYPE = YES_ERROR;
				GCC_WARN_UNDECLARED_SELECTOR = YES;
				GCC_WARN_UNINITIALIZED_AUTOS = YES_AGGRESSIVE;
				GCC_WARN_UNUSED_FUNCTION = YES;
				GCC_WARN_UNUSED_VARIABLE = YES;
				IPHONEOS_DEPLOYMENT_TARGET = 13.5;
				MTL_ENABLE_DEBUG_INFO = NO;
				MTL_FAST_MATH = YES;
				SDKROOT = iphoneos;
				SWIFT_COMPILATION_MODE = wholemodule;
				SWIFT_OPTIMIZATION_LEVEL = "-O";
				VALIDATE_PRODUCT = YES;
			};
			name = Release;
		};
		D59B1B1524AB2500002BF927 /* Debug */ = {
			isa = XCBuildConfiguration;
			buildSettings = {
				ASSETCATALOG_COMPILER_APPICON_NAME = AppIcon;
				CODE_SIGN_STYLE = Automatic;
				DEVELOPMENT_ASSET_PATHS = "\"Tabless/Preview Content\"";
				DEVELOPMENT_TEAM = 9532C74ZP2;
				ENABLE_PREVIEWS = YES;
				INFOPLIST_FILE = Tabless/Info.plist;
				LD_RUNPATH_SEARCH_PATHS = (
					"$(inherited)",
					"@executable_path/Frameworks",
				);
				PRODUCT_BUNDLE_IDENTIFIER = vlad.g.Tabless;
				PRODUCT_NAME = "$(TARGET_NAME)";
				SWIFT_VERSION = 5.0;
				TARGETED_DEVICE_FAMILY = "1,2";
			};
			name = Debug;
		};
		D59B1B1624AB2500002BF927 /* Release */ = {
			isa = XCBuildConfiguration;
			buildSettings = {
				ASSETCATALOG_COMPILER_APPICON_NAME = AppIcon;
				CODE_SIGN_STYLE = Automatic;
				DEVELOPMENT_ASSET_PATHS = "\"Tabless/Preview Content\"";
				DEVELOPMENT_TEAM = 9532C74ZP2;
				ENABLE_PREVIEWS = YES;
				INFOPLIST_FILE = Tabless/Info.plist;
				LD_RUNPATH_SEARCH_PATHS = (
					"$(inherited)",
					"@executable_path/Frameworks",
				);
				PRODUCT_BUNDLE_IDENTIFIER = vlad.g.Tabless;
				PRODUCT_NAME = "$(TARGET_NAME)";
				SWIFT_VERSION = 5.0;
				TARGETED_DEVICE_FAMILY = "1,2";
			};
			name = Release;
		};
/* End XCBuildConfiguration section */

/* Begin XCConfigurationList section */
		D59B1AFB24AB24F6002BF927 /* Build configuration list for PBXProject "Tabless" */ = {
			isa = XCConfigurationList;
			buildConfigurations = (
				D59B1B1224AB2500002BF927 /* Debug */,
				D59B1B1324AB2500002BF927 /* Release */,
			);
			defaultConfigurationIsVisible = 0;
			defaultConfigurationName = Release;
		};
		D59B1B1424AB2500002BF927 /* Build configuration list for PBXNativeTarget "Tabless" */ = {
			isa = XCConfigurationList;
			buildConfigurations = (
				D59B1B1524AB2500002BF927 /* Debug */,
				D59B1B1624AB2500002BF927 /* Release */,
			);
			defaultConfigurationIsVisible = 0;
			defaultConfigurationName = Release;
		};
/* End XCConfigurationList section */

/* Begin XCRemoteSwiftPackageReference section */
		D58D274224B0692300F83072 /* XCRemoteSwiftPackageReference "GRDB.swift" */ = {
			isa = XCRemoteSwiftPackageReference;
			repositoryURL = "https://github.com/groue/GRDB.swift.git";
			requirement = {
				kind = upToNextMajorVersion;
				minimumVersion = 4.14.0;
			};
		};
/* End XCRemoteSwiftPackageReference section */

/* Begin XCSwiftPackageProductDependency section */
		D58D274324B0692300F83072 /* GRDB */ = {
			isa = XCSwiftPackageProductDependency;
			package = D58D274224B0692300F83072 /* XCRemoteSwiftPackageReference "GRDB.swift" */;
			productName = GRDB;
		};
/* End XCSwiftPackageProductDependency section */
	};
	rootObject = D59B1AF824AB24F6002BF927 /* Project object */;
}
